
Microsoft Visual Studio Solution File, Format Version 12.00
# Visual Studio Version 16
VisualStudioVersion = 16.0.30907.101
MinimumVisualStudioVersion = 10.0.40219.1
Project("{FAE04EC0-301F-11D3-BF4B-00C04F79EFBC}") = "CastleMinerZMM", "CastleWalls\CastleMinerZMM.csproj", "{ABCF76FA-B7DB-4135-853E-B76840C1BEE3}"
EndProject
Global
	GlobalSection(SolutionConfigurationPlatforms) = preSolution
		Debug|Any CPU = Debug|Any CPU
		Debug|x86 = Debug|x86
		Release|Any CPU = Release|Any CPU
		Release|x86 = Release|x86
	EndGlobalSection
	GlobalSection(ProjectConfigurationPlatforms) = postSolution
		{ABCF76FA-B7DB-4135-853E-B76840C1BEE3}.Debug|Any CPU.ActiveCfg = Debug|Any CPU
		{ABCF76FA-B7DB-4135-853E-B76840C1BEE3}.Debug|Any CPU.Build.0 = Debug|Any CPU
		{ABCF76FA-B7DB-4135-853E-B76840C1BEE3}.Debug|x86.ActiveCfg = Debug|x86
		{ABCF76FA-B7DB-4135-853E-B76840C1BEE3}.Debug|x86.Build.0 = Debug|x86
		{ABCF76FA-B7DB-4135-853E-B76840C1BEE3}.Release|Any CPU.ActiveCfg = Release|Any CPU
		{ABCF76FA-B7DB-4135-853E-B76840C1BEE3}.Release|Any CPU.Build.0 = Release|Any CPU
		{ABCF76FA-B7DB-4135-853E-B76840C1BEE3}.Release|x86.ActiveCfg = Release|x86
		{ABCF76FA-B7DB-4135-853E-B76840C1BEE3}.Release|x86.Build.0 = Release|x86
	EndGlobalSection
	GlobalSection(SolutionProperties) = preSolution
		HideSolutionNode = FALSE
	EndGlobalSection
	GlobalSection(ExtensibilityGlobals) = postSolution
		SolutionGuid = {22D758EA-9373-443B-AD24-796113B36F07}
	EndGlobalSection
EndGlobal
